{
    "hash": "805e19c8b965bb45d4b9350c12b2a685",
    "packages": [
        {
            "name": "aredridel/Glip",
            "version": "v0.1.2",
            "source": {
                "type": "git",
                "url": "https://github.com/aredridel/Glip",
                "reference": "v0.1.2"
            },
            "dist": {
                "type": "zip",
                "url": "https://github.com/aredridel/Glip/zipball/v0.1.2",
                "reference": "v0.1.2",
                "shasum": ""
            },
            "require": {
                "php": ">=5.3.0"
            },
            "time": "2012-04-29 15:55:41",
            "type": "library",
            "installation-source": "dist",
            "autoload": {
                "psr-0": {
                    "Glip": "src"
                }
            },
            "notification-url": "https://packagist.org/downloads/",
            "description": "Rudimentary access to Git repos in native PHP"
        },
        {
            "name": "slim/slim",
            "version": "2.1.0",
            "source": {
                "type": "git",
                "url": "https://github.com/codeguy/Slim",
                "reference": "2.1.0"
            },
            "dist": {
                "type": "zip",
                "url": "https://github.com/codeguy/Slim/zipball/2.1.0",
                "reference": "2.1.0",
                "shasum": ""
            },
            "require": {
                "php": ">=5.3.0"
            },
            "time": "2012-09-12 09:07:46",
            "type": "library",
            "installation-source": "dist",
            "autoload": {
                "psr-0": {
                    "Slim": "."
                }
            },
            "notification-url": "https://packagist.org/downloads/",
            "license": [
                "MIT"
            ],
            "authors": [
                {
                    "name": "Josh Lockhart",
                    "email": "info@joshlockhart.com",
                    "homepage": "http://www.joshlockhart.com/"
                }
            ],
            "description": "Slim Framework, a PHP micro framework",
            "homepage": "http://github.com/codeguy/Slim",
            "keywords": [
                "microframework",
                "rest",
                "router"
            ]
        }
    ],
    "packages-dev": null,
    "aliases": [

    ],
    "minimum-stability": "stable",
    "stability-flags": [

    ]
}
